
Microsoft Visual Studio Solution File, Format Version 12.00
# Visual Studio Version 16
VisualStudioVersion = 16.0.31729.503
MinimumVisualStudioVersion = 10.0.40219.1
Project("{FAE04EC0-301F-11D3-BF4B-00C04F79EFBC}") = "Chapter02WebApp", "Chapter02WebApp\Chapter02WebApp.csproj", "{168342AB-66C2-4241-8668-398B95BEABF8}"
EndProject
Global
	GlobalSection(SolutionConfigurationPlatforms) = preSolution
		Debug|Any CPU = Debug|Any CPU
		Release|Any CPU = Release|Any CPU
	EndGlobalSection
	GlobalSection(ProjectConfigurationPlatforms) = postSolution
		{168342AB-66C2-4241-8668-398B95BEABF8}.Debug|Any CPU.ActiveCfg = Debug|Any CPU
		{168342AB-66C2-4241-8668-398B95BEABF8}.Debug|Any CPU.Build.0 = Debug|Any CPU
		{168342AB-66C2-4241-8668-398B95BEABF8}.Release|Any CPU.ActiveCfg = Release|Any CPU
		{168342AB-66C2-4241-8668-398B95BEABF8}.Release|Any CPU.Build.0 = Release|Any CPU
	EndGlobalSection
	GlobalSection(SolutionProperties) = preSolution
		HideSolutionNode = FALSE
	EndGlobalSection
	GlobalSection(ExtensibilityGlobals) = postSolution
		SolutionGuid = {98BCAA9A-D2B3-4198-9D58-80F51A64C60F}
	EndGlobalSection
EndGlobal
