
Microsoft Visual Studio Solution File, Format Version 12.00
# Visual Studio Version 16
VisualStudioVersion = 16.0.31729.503
MinimumVisualStudioVersion = 10.0.40219.1
Project("{FAE04EC0-301F-11D3-BF4B-00C04F79EFBC}") = "FstWebAPI", "FstWebAPI\FstWebAPI.csproj", "{2019826D-2B24-47D4-9ADE-793D41A234F0}"
EndProject
Global
	GlobalSection(SolutionConfigurationPlatforms) = preSolution
		Debug|Any CPU = Debug|Any CPU
		Release|Any CPU = Release|Any CPU
	EndGlobalSection
	GlobalSection(ProjectConfigurationPlatforms) = postSolution
		{2019826D-2B24-47D4-9ADE-793D41A234F0}.Debug|Any CPU.ActiveCfg = Debug|Any CPU
		{2019826D-2B24-47D4-9ADE-793D41A234F0}.Debug|Any CPU.Build.0 = Debug|Any CPU
		{2019826D-2B24-47D4-9ADE-793D41A234F0}.Release|Any CPU.ActiveCfg = Release|Any CPU
		{2019826D-2B24-47D4-9ADE-793D41A234F0}.Release|Any CPU.Build.0 = Release|Any CPU
	EndGlobalSection
	GlobalSection(SolutionProperties) = preSolution
		HideSolutionNode = FALSE
	EndGlobalSection
	GlobalSection(ExtensibilityGlobals) = postSolution
		SolutionGuid = {BCA54DFC-59ED-4298-9B22-460F92FB5098}
	EndGlobalSection
EndGlobal
